
Microsoft Visual Studio Solution File, Format Version 12.00
# Visual Studio Version 16
VisualStudioVersion = 16.0.32228.343
MinimumVisualStudioVersion = 10.0.40219.1
Project("{FAE04EC0-301F-11D3-BF4B-00C04F79EFBC}") = "PrototypeDesignPattern", "PrototypeDesignPattern\PrototypeDesignPattern.csproj", "{F586A67F-52B6-4755-B67D-1E6B24E771C5}"
EndProject
Global
	GlobalSection(SolutionConfigurationPlatforms) = preSolution
		Debug|Any CPU = Debug|Any CPU
		Release|Any CPU = Release|Any CPU
	EndGlobalSection
	GlobalSection(ProjectConfigurationPlatforms) = postSolution
		{F586A67F-52B6-4755-B67D-1E6B24E771C5}.Debug|Any CPU.ActiveCfg = Debug|Any CPU
		{F586A67F-52B6-4755-B67D-1E6B24E771C5}.Debug|Any CPU.Build.0 = Debug|Any CPU
		{F586A67F-52B6-4755-B67D-1E6B24E771C5}.Release|Any CPU.ActiveCfg = Release|Any CPU
		{F586A67F-52B6-4755-B67D-1E6B24E771C5}.Release|Any CPU.Build.0 = Release|Any CPU
	EndGlobalSection
	GlobalSection(SolutionProperties) = preSolution
		HideSolutionNode = FALSE
	EndGlobalSection
	GlobalSection(ExtensibilityGlobals) = postSolution
		SolutionGuid = {A2B0EF9E-3877-416B-B42F-E1DB16960081}
	EndGlobalSection
EndGlobal
